
Microsoft Visual Studio Solution File, Format Version 12.00
# Visual Studio 2013
VisualStudioVersion = 12.0.40629.0
MinimumVisualStudioVersion = 10.0.40219.1
Project("{FAE04EC0-301F-11D3-BF4B-00C04F79EFBC}") = "Aras.Logging.Console.Debug", "Aras.Logging.Console.Debug.csproj", "{1F1DA352-B1DB-4F2F-B903-98E95B5E741C}"
EndProject
Project("{FAE04EC0-301F-11D3-BF4B-00C04F79EFBC}") = "Aras.Logging.Console", "..\Aras.Logging.Console\Aras.Logging.Console.csproj", "{ADA1688F-9A38-42AA-88CD-E0493972BA68}"
EndProject
Project("{FAE04EC0-301F-11D3-BF4B-00C04F79EFBC}") = "Aras.Logging", "..\Aras.Logging\Aras.Logging.csproj", "{95CCB1E3-F2FA-423A-BAE6-A5A3EC0CEC94}"
EndProject
Global
	GlobalSection(SolutionConfigurationPlatforms) = preSolution
		Debug|Any CPU = Debug|Any CPU
		Release|Any CPU = Release|Any CPU
	EndGlobalSection
	GlobalSection(ProjectConfigurationPlatforms) = postSolution
		{1F1DA352-B1DB-4F2F-B903-98E95B5E741C}.Debug|Any CPU.ActiveCfg = Debug|Any CPU
		{1F1DA352-B1DB-4F2F-B903-98E95B5E741C}.Debug|Any CPU.Build.0 = Debug|Any CPU
		{1F1DA352-B1DB-4F2F-B903-98E95B5E741C}.Release|Any CPU.ActiveCfg = Release|Any CPU
		{1F1DA352-B1DB-4F2F-B903-98E95B5E741C}.Release|Any CPU.Build.0 = Release|Any CPU
		{ADA1688F-9A38-42AA-88CD-E0493972BA68}.Debug|Any CPU.ActiveCfg = Debug|Any CPU
		{ADA1688F-9A38-42AA-88CD-E0493972BA68}.Debug|Any CPU.Build.0 = Debug|Any CPU
		{ADA1688F-9A38-42AA-88CD-E0493972BA68}.Release|Any CPU.ActiveCfg = Release|Any CPU
		{ADA1688F-9A38-42AA-88CD-E0493972BA68}.Release|Any CPU.Build.0 = Release|Any CPU
		{95CCB1E3-F2FA-423A-BAE6-A5A3EC0CEC94}.Debug|Any CPU.ActiveCfg = Debug|Any CPU
		{95CCB1E3-F2FA-423A-BAE6-A5A3EC0CEC94}.Debug|Any CPU.Build.0 = Debug|Any CPU
		{95CCB1E3-F2FA-423A-BAE6-A5A3EC0CEC94}.Release|Any CPU.ActiveCfg = Release|Any CPU
		{95CCB1E3-F2FA-423A-BAE6-A5A3EC0CEC94}.Release|Any CPU.Build.0 = Release|Any CPU
	EndGlobalSection
	GlobalSection(SolutionProperties) = preSolution
		HideSolutionNode = FALSE
	EndGlobalSection
EndGlobal
