
Microsoft Visual Studio Solution File, Format Version 12.00
# Visual Studio 2013
VisualStudioVersion = 12.0.40629.0
MinimumVisualStudioVersion = 10.0.40219.1
Project("{FAE04EC0-301F-11D3-BF4B-00C04F79EFBC}") = "Aras.Logging.Events", "Aras.Logging.Events.csproj", "{20486173-93D6-40F3-9661-791E2894A9BD}"
EndProject
Project("{FAE04EC0-301F-11D3-BF4B-00C04F79EFBC}") = "Aras.Logging", "..\Aras.Logging\Aras.Logging.csproj", "{95CCB1E3-F2FA-423A-BAE6-A5A3EC0CEC94}"
EndProject
Global
	GlobalSection(SolutionConfigurationPlatforms) = preSolution
		Debug|Any CPU = Debug|Any CPU
		Release|Any CPU = Release|Any CPU
	EndGlobalSection
	GlobalSection(ProjectConfigurationPlatforms) = postSolution
		{20486173-93D6-40F3-9661-791E2894A9BD}.Debug|Any CPU.ActiveCfg = Debug|Any CPU
		{20486173-93D6-40F3-9661-791E2894A9BD}.Debug|Any CPU.Build.0 = Debug|Any CPU
		{20486173-93D6-40F3-9661-791E2894A9BD}.Release|Any CPU.ActiveCfg = Release|Any CPU
		{20486173-93D6-40F3-9661-791E2894A9BD}.Release|Any CPU.Build.0 = Release|Any CPU
		{95CCB1E3-F2FA-423A-BAE6-A5A3EC0CEC94}.Debug|Any CPU.ActiveCfg = Debug|Any CPU
		{95CCB1E3-F2FA-423A-BAE6-A5A3EC0CEC94}.Debug|Any CPU.Build.0 = Debug|Any CPU
		{95CCB1E3-F2FA-423A-BAE6-A5A3EC0CEC94}.Release|Any CPU.ActiveCfg = Release|Any CPU
		{95CCB1E3-F2FA-423A-BAE6-A5A3EC0CEC94}.Release|Any CPU.Build.0 = Release|Any CPU
	EndGlobalSection
	GlobalSection(SolutionProperties) = preSolution
		HideSolutionNode = FALSE
	EndGlobalSection
EndGlobal
